// !$*UTF8*$!
{
	archiveVersion = 1;
	classes = {
	};
	objectVersion = 55;
	objects = {

/* Begin PBXBuildFile section */
		F61690F728B3A86800F513DC /* AppDelegate.swift in Sources */ = {isa = PBXBuildFile; fileRef = F61690F628B3A86800F513DC /* AppDelegate.swift */; };
		F61690F928B3A86800F513DC /* SceneDelegate.swift in Sources */ = {isa = PBXBuildFile; fileRef = F61690F828B3A86800F513DC /* SceneDelegate.swift */; };
		F61690FE28B3A86800F513DC /* Main.storyboard in Resources */ = {isa = PBXBuildFile; fileRef = F61690FC28B3A86800F513DC /* Main.storyboard */; };
		F616910028B3A86900F513DC /* Assets.xcassets in Resources */ = {isa = PBXBuildFile; fileRef = F61690FF28B3A86900F513DC /* Assets.xcassets */; };
		F616910328B3A86900F513DC /* LaunchScreen.storyboard in Resources */ = {isa = PBXBuildFile; fileRef = F616910128B3A86900F513DC /* LaunchScreen.storyboard */; };
		F616910C28B3A8AE00F513DC /* Kingfisher in Frameworks */ = {isa = PBXBuildFile; productRef = F616910B28B3A8AE00F513DC /* Kingfisher */; };
		F616910F28B3A8CD00F513DC /* Realm in Frameworks */ = {isa = PBXBuildFile; productRef = F616910E28B3A8CD00F513DC /* Realm */; };
		F616911128B3A8CD00F513DC /* RealmSwift in Frameworks */ = {isa = PBXBuildFile; productRef = F616911028B3A8CD00F513DC /* RealmSwift */; };
		F616911828B3A94900F513DC /* TodoListModel.swift in Sources */ = {isa = PBXBuildFile; fileRef = F616911728B3A94900F513DC /* TodoListModel.swift */; };
		F616911A28B3A97100F513DC /* BaseView.swift in Sources */ = {isa = PBXBuildFile; fileRef = F616911928B3A97100F513DC /* BaseView.swift */; };
		F616911C28B3A99F00F513DC /* BaseViewController.swift in Sources */ = {isa = PBXBuildFile; fileRef = F616911B28B3A99F00F513DC /* BaseViewController.swift */; };
		F616911E28B3A9ED00F513DC /* TodoMainView.swift in Sources */ = {isa = PBXBuildFile; fileRef = F616911D28B3A9ED00F513DC /* TodoMainView.swift */; };
		F616912028B3AB1400F513DC /* TodoMainViewController.swift in Sources */ = {isa = PBXBuildFile; fileRef = F616911F28B3AB1400F513DC /* TodoMainViewController.swift */; };
		F616912328B3B2D100F513DC /* SnapKit in Frameworks */ = {isa = PBXBuildFile; productRef = F616912228B3B2D100F513DC /* SnapKit */; };
		F616912628B3B46C00F513DC /* Transition+Extension.swift in Sources */ = {isa = PBXBuildFile; fileRef = F616912528B3B46C00F513DC /* Transition+Extension.swift */; };
		F616912828B3B55200F513DC /* BaseCollectionViewCell.swift in Sources */ = {isa = PBXBuildFile; fileRef = F616912728B3B55200F513DC /* BaseCollectionViewCell.swift */; };
		F616912A28B3B5B000F513DC /* TodoMainCollectionViewCell.swift in Sources */ = {isa = PBXBuildFile; fileRef = F616912928B3B5B000F513DC /* TodoMainCollectionViewCell.swift */; };
		F616912C28B3B65D00F513DC /* Protocol+Extension.swift in Sources */ = {isa = PBXBuildFile; fileRef = F616912B28B3B65C00F513DC /* Protocol+Extension.swift */; };
		F616912E28B3C47100F513DC /* TodoDetailViewController.swift in Sources */ = {isa = PBXBuildFile; fileRef = F616912D28B3C47100F513DC /* TodoDetailViewController.swift */; };
		F616913028B3C48B00F513DC /* TodoDetailView.swift in Sources */ = {isa = PBXBuildFile; fileRef = F616912F28B3C48B00F513DC /* TodoDetailView.swift */; };
/* End PBXBuildFile section */

/* Begin PBXFileReference section */
		F61690F328B3A86800F513DC /* SeSAC Week8 DataBase Project.app */ = {isa = PBXFileReference; explicitFileType = wrapper.application; includeInIndex = 0; path = "SeSAC Week8 DataBase Project.app"; sourceTree = BUILT_PRODUCTS_DIR; };
		F61690F628B3A86800F513DC /* AppDelegate.swift */ = {isa = PBXFileReference; lastKnownFileType = sourcecode.swift; path = AppDelegate.swift; sourceTree = "<group>"; };
		F61690F828B3A86800F513DC /* SceneDelegate.swift */ = {isa = PBXFileReference; lastKnownFileType = sourcecode.swift; path = SceneDelegate.swift; sourceTree = "<group>"; };
		F61690FD28B3A86800F513DC /* Base */ = {isa = PBXFileReference; lastKnownFileType = file.storyboard; name = Base; path = Base.lproj/Main.storyboard; sourceTree = "<group>"; };
		F61690FF28B3A86900F513DC /* Assets.xcassets */ = {isa = PBXFileReference; lastKnownFileType = folder.assetcatalog; path = Assets.xcassets; sourceTree = "<group>"; };
		F616910228B3A86900F513DC /* Base */ = {isa = PBXFileReference; lastKnownFileType = file.storyboard; name = Base; path = Base.lproj/LaunchScreen.storyboard; sourceTree = "<group>"; };
		F616910428B3A86900F513DC /* Info.plist */ = {isa = PBXFileReference; lastKnownFileType = text.plist.xml; path = Info.plist; sourceTree = "<group>"; };
		F616911728B3A94900F513DC /* TodoListModel.swift */ = {isa = PBXFileReference; lastKnownFileType = sourcecode.swift; path = TodoListModel.swift; sourceTree = "<group>"; };
		F616911928B3A97100F513DC /* BaseView.swift */ = {isa = PBXFileReference; lastKnownFileType = sourcecode.swift; path = BaseView.swift; sourceTree = "<group>"; };
		F616911B28B3A99F00F513DC /* BaseViewController.swift */ = {isa = PBXFileReference; lastKnownFileType = sourcecode.swift; path = BaseViewController.swift; sourceTree = "<group>"; };
		F616911D28B3A9ED00F513DC /* TodoMainView.swift */ = {isa = PBXFileReference; lastKnownFileType = sourcecode.swift; path = TodoMainView.swift; sourceTree = "<group>"; };
		F616911F28B3AB1400F513DC /* TodoMainViewController.swift */ = {isa = PBXFileReference; lastKnownFileType = sourcecode.swift; path = TodoMainViewController.swift; sourceTree = "<group>"; };
		F616912528B3B46C00F513DC /* Transition+Extension.swift */ = {isa = PBXFileReference; lastKnownFileType = sourcecode.swift; path = "Transition+Extension.swift"; sourceTree = "<group>"; };
		F616912728B3B55200F513DC /* BaseCollectionViewCell.swift */ = {isa = PBXFileReference; lastKnownFileType = sourcecode.swift; path = BaseCollectionViewCell.swift; sourceTree = "<group>"; };
		F616912928B3B5B000F513DC /* TodoMainCollectionViewCell.swift */ = {isa = PBXFileReference; lastKnownFileType = sourcecode.swift; path = TodoMainCollectionViewCell.swift; sourceTree = "<group>"; };
		F616912B28B3B65C00F513DC /* Protocol+Extension.swift */ = {isa = PBXFileReference; lastKnownFileType = sourcecode.swift; path = "Protocol+Extension.swift"; sourceTree = "<group>"; };
		F616912D28B3C47100F513DC /* TodoDetailViewController.swift */ = {isa = PBXFileReference; lastKnownFileType = sourcecode.swift; path = TodoDetailViewController.swift; sourceTree = "<group>"; };
		F616912F28B3C48B00F513DC /* TodoDetailView.swift */ = {isa = PBXFileReference; lastKnownFileType = sourcecode.swift; path = TodoDetailView.swift; sourceTree = "<group>"; };
/* End PBXFileReference section */

/* Begin PBXFrameworksBuildPhase section */
		F61690F028B3A86800F513DC /* Frameworks */ = {
			isa = PBXFrameworksBuildPhase;
			buildActionMask = 2147483647;
			files = (
				F616911128B3A8CD00F513DC /* RealmSwift in Frameworks */,
				F616912328B3B2D100F513DC /* SnapKit in Frameworks */,
				F616910F28B3A8CD00F513DC /* Realm in Frameworks */,
				F616910C28B3A8AE00F513DC /* Kingfisher in Frameworks */,
			);
			runOnlyForDeploymentPostprocessing = 0;
		};
/* End PBXFrameworksBuildPhase section */

/* Begin PBXGroup section */
		F61690EA28B3A86800F513DC = {
			isa = PBXGroup;
			children = (
				F61690F528B3A86800F513DC /* SeSAC Week8 DataBase Project */,
				F61690F428B3A86800F513DC /* Products */,
			);
			sourceTree = "<group>";
		};
		F61690F428B3A86800F513DC /* Products */ = {
			isa = PBXGroup;
			children = (
				F61690F328B3A86800F513DC /* SeSAC Week8 DataBase Project.app */,
			);
			name = Products;
			sourceTree = "<group>";
		};
		F61690F528B3A86800F513DC /* SeSAC Week8 DataBase Project */ = {
			isa = PBXGroup;
			children = (
				F616911228B3A8D800F513DC /* TodoList */,
				F61690F628B3A86800F513DC /* AppDelegate.swift */,
				F61690F828B3A86800F513DC /* SceneDelegate.swift */,
				F61690FC28B3A86800F513DC /* Main.storyboard */,
				F61690FF28B3A86900F513DC /* Assets.xcassets */,
				F616910128B3A86900F513DC /* LaunchScreen.storyboard */,
				F616910428B3A86900F513DC /* Info.plist */,
			);
			path = "SeSAC Week8 DataBase Project";
			sourceTree = "<group>";
		};
		F616911228B3A8D800F513DC /* TodoList */ = {
			isa = PBXGroup;
			children = (
				F616912428B3B45800F513DC /* Extension */,
				F616911328B3A90C00F513DC /* Model */,
				F616911628B3A92800F513DC /* View */,
				F616911428B3A91D00F513DC /* ViewModel */,
				F616911528B3A92300F513DC /* Controllers */,
			);
			path = TodoList;
			sourceTree = "<group>";
		};
		F616911328B3A90C00F513DC /* Model */ = {
			isa = PBXGroup;
			children = (
				F616911728B3A94900F513DC /* TodoListModel.swift */,
			);
			path = Model;
			sourceTree = "<group>";
		};
		F616911428B3A91D00F513DC /* ViewModel */ = {
			isa = PBXGroup;
			children = (
				F616911928B3A97100F513DC /* BaseView.swift */,
				F616911B28B3A99F00F513DC /* BaseViewController.swift */,
				F616912728B3B55200F513DC /* BaseCollectionViewCell.swift */,
			);
			path = ViewModel;
			sourceTree = "<group>";
		};
		F616911528B3A92300F513DC /* Controllers */ = {
			isa = PBXGroup;
			children = (
				F616911F28B3AB1400F513DC /* TodoMainViewController.swift */,
				F616912D28B3C47100F513DC /* TodoDetailViewController.swift */,
			);
			path = Controllers;
			sourceTree = "<group>";
		};
		F616911628B3A92800F513DC /* View */ = {
			isa = PBXGroup;
			children = (
				F616911D28B3A9ED00F513DC /* TodoMainView.swift */,
				F616912F28B3C48B00F513DC /* TodoDetailView.swift */,
				F616912928B3B5B000F513DC /* TodoMainCollectionViewCell.swift */,
			);
			path = View;
			sourceTree = "<group>";
		};
		F616912428B3B45800F513DC /* Extension */ = {
			isa = PBXGroup;
			children = (
				F616912528B3B46C00F513DC /* Transition+Extension.swift */,
				F616912B28B3B65C00F513DC /* Protocol+Extension.swift */,
			);
			path = Extension;
			sourceTree = "<group>";
		};
/* End PBXGroup section */

/* Begin PBXNativeTarget section */
		F61690F228B3A86800F513DC /* SeSAC Week8 DataBase Project */ = {
			isa = PBXNativeTarget;
			buildConfigurationList = F616910728B3A86900F513DC /* Build configuration list for PBXNativeTarget "SeSAC Week8 DataBase Project" */;
			buildPhases = (
				F61690EF28B3A86800F513DC /* Sources */,
				F61690F028B3A86800F513DC /* Frameworks */,
				F61690F128B3A86800F513DC /* Resources */,
			);
			buildRules = (
			);
			dependencies = (
			);
			name = "SeSAC Week8 DataBase Project";
			packageProductDependencies = (
				F616910B28B3A8AE00F513DC /* Kingfisher */,
				F616910E28B3A8CD00F513DC /* Realm */,
				F616911028B3A8CD00F513DC /* RealmSwift */,
				F616912228B3B2D100F513DC /* SnapKit */,
			);
			productName = "SeSAC Week8 DataBase Project";
			productReference = F61690F328B3A86800F513DC /* SeSAC Week8 DataBase Project.app */;
			productType = "com.apple.product-type.application";
		};
/* End PBXNativeTarget section */

/* Begin PBXProject section */
		F61690EB28B3A86800F513DC /* Project object */ = {
			isa = PBXProject;
			attributes = {
				BuildIndependentTargetsInParallel = 1;
				LastSwiftUpdateCheck = 1340;
				LastUpgradeCheck = 1340;
				TargetAttributes = {
					F61690F228B3A86800F513DC = {
						CreatedOnToolsVersion = 13.4.1;
					};
				};
			};
			buildConfigurationList = F61690EE28B3A86800F513DC /* Build configuration list for PBXProject "SeSAC Week8 DataBase Project" */;
			compatibilityVersion = "Xcode 13.0";
			developmentRegion = en;
			hasScannedForEncodings = 0;
			knownRegions = (
				en,
				Base,
			);
			mainGroup = F61690EA28B3A86800F513DC;
			packageReferences = (
				F616910A28B3A8AE00F513DC /* XCRemoteSwiftPackageReference "Kingfisher" */,
				F616910D28B3A8CD00F513DC /* XCRemoteSwiftPackageReference "realm-swift" */,
				F616912128B3B2D100F513DC /* XCRemoteSwiftPackageReference "SnapKit" */,
			);
			productRefGroup = F61690F428B3A86800F513DC /* Products */;
			projectDirPath = "";
			projectRoot = "";
			targets = (
				F61690F228B3A86800F513DC /* SeSAC Week8 DataBase Project */,
			);
		};
/* End PBXProject section */

/* Begin PBXResourcesBuildPhase section */
		F61690F128B3A86800F513DC /* Resources */ = {
			isa = PBXResourcesBuildPhase;
			buildActionMask = 2147483647;
			files = (
				F616910328B3A86900F513DC /* LaunchScreen.storyboard in Resources */,
				F616910028B3A86900F513DC /* Assets.xcassets in Resources */,
				F61690FE28B3A86800F513DC /* Main.storyboard in Resources */,
			);
			runOnlyForDeploymentPostprocessing = 0;
		};
/* End PBXResourcesBuildPhase section */

/* Begin PBXSourcesBuildPhase section */
		F61690EF28B3A86800F513DC /* Sources */ = {
			isa = PBXSourcesBuildPhase;
			buildActionMask = 2147483647;
			files = (
				F616912628B3B46C00F513DC /* Transition+Extension.swift in Sources */,
				F616911C28B3A99F00F513DC /* BaseViewController.swift in Sources */,
				F616912828B3B55200F513DC /* BaseCollectionViewCell.swift in Sources */,
				F616912C28B3B65D00F513DC /* Protocol+Extension.swift in Sources */,
				F616913028B3C48B00F513DC /* TodoDetailView.swift in Sources */,
				F616911E28B3A9ED00F513DC /* TodoMainView.swift in Sources */,
				F616912E28B3C47100F513DC /* TodoDetailViewController.swift in Sources */,
				F61690F728B3A86800F513DC /* AppDelegate.swift in Sources */,
				F61690F928B3A86800F513DC /* SceneDelegate.swift in Sources */,
				F616911828B3A94900F513DC /* TodoListModel.swift in Sources */,
				F616912028B3AB1400F513DC /* TodoMainViewController.swift in Sources */,
				F616912A28B3B5B000F513DC /* TodoMainCollectionViewCell.swift in Sources */,
				F616911A28B3A97100F513DC /* BaseView.swift in Sources */,
			);
			runOnlyForDeploymentPostprocessing = 0;
		};
/* End PBXSourcesBuildPhase section */

/* Begin PBXVariantGroup section */
		F61690FC28B3A86800F513DC /* Main.storyboard */ = {
			isa = PBXVariantGroup;
			children = (
				F61690FD28B3A86800F513DC /* Base */,
			);
			name = Main.storyboard;
			sourceTree = "<group>";
		};
		F616910128B3A86900F513DC /* LaunchScreen.storyboard */ = {
			isa = PBXVariantGroup;
			children = (
				F616910228B3A86900F513DC /* Base */,
			);
			name = LaunchScreen.storyboard;
			sourceTree = "<group>";
		};
/* End PBXVariantGroup section */

/* Begin XCBuildConfiguration section */
		F616910528B3A86900F513DC /* Debug */ = {
			isa = XCBuildConfiguration;
			buildSettings = {
				ALWAYS_SEARCH_USER_PATHS = NO;
				CLANG_ANALYZER_NONNULL = YES;
				CLANG_ANALYZER_NUMBER_OBJECT_CONVERSION = YES_AGGRESSIVE;
				CLANG_CXX_LANGUAGE_STANDARD = "gnu++17";
				CLANG_ENABLE_MODULES = YES;
				CLANG_ENABLE_OBJC_ARC = YES;
				CLANG_ENABLE_OBJC_WEAK = YES;
				CLANG_WARN_BLOCK_CAPTURE_AUTORELEASING = YES;
				CLANG_WARN_BOOL_CONVERSION = YES;
				CLANG_WARN_COMMA = YES;
				CLANG_WARN_CONSTANT_CONVERSION = YES;
				CLANG_WARN_DEPRECATED_OBJC_IMPLEMENTATIONS = YES;
				CLANG_WARN_DIRECT_OBJC_ISA_USAGE = YES_ERROR;
				CLANG_WARN_DOCUMENTATION_COMMENTS = YES;
				CLANG_WARN_EMPTY_BODY = YES;
				CLANG_WARN_ENUM_CONVERSION = YES;
				CLANG_WARN_INFINITE_RECURSION = YES;
				CLANG_WARN_INT_CONVERSION = YES;
				CLANG_WARN_NON_LITERAL_NULL_CONVERSION = YES;
				CLANG_WARN_OBJC_IMPLICIT_RETAIN_SELF = YES;
				CLANG_WARN_OBJC_LITERAL_CONVERSION = YES;
				CLANG_WARN_OBJC_ROOT_CLASS = YES_ERROR;
				CLANG_WARN_QUOTED_INCLUDE_IN_FRAMEWORK_HEADER = YES;
				CLANG_WARN_RANGE_LOOP_ANALYSIS = YES;
				CLANG_WARN_STRICT_PROTOTYPES = YES;
				CLANG_WARN_SUSPICIOUS_MOVE = YES;
				CLANG_WARN_UNGUARDED_AVAILABILITY = YES_AGGRESSIVE;
				CLANG_WARN_UNREACHABLE_CODE = YES;
				CLANG_WARN__DUPLICATE_METHOD_MATCH = YES;
				COPY_PHASE_STRIP = NO;
				DEBUG_INFORMATION_FORMAT = dwarf;
				ENABLE_STRICT_OBJC_MSGSEND = YES;
				ENABLE_TESTABILITY = YES;
				GCC_C_LANGUAGE_STANDARD = gnu11;
				GCC_DYNAMIC_NO_PIC = NO;
				GCC_NO_COMMON_BLOCKS = YES;
				GCC_OPTIMIZATION_LEVEL = 0;
				GCC_PREPROCESSOR_DEFINITIONS = (
					"DEBUG=1",
					"$(inherited)",
				);
				GCC_WARN_64_TO_32_BIT_CONVERSION = YES;
				GCC_WARN_ABOUT_RETURN_TYPE = YES_ERROR;
				GCC_WARN_UNDECLARED_SELECTOR = YES;
				GCC_WARN_UNINITIALIZED_AUTOS = YES_AGGRESSIVE;
				GCC_WARN_UNUSED_FUNCTION = YES;
				GCC_WARN_UNUSED_VARIABLE = YES;
				IPHONEOS_DEPLOYMENT_TARGET = 15.5;
				MTL_ENABLE_DEBUG_INFO = INCLUDE_SOURCE;
				MTL_FAST_MATH = YES;
				ONLY_ACTIVE_ARCH = YES;
				SDKROOT = iphoneos;
				SWIFT_ACTIVE_COMPILATION_CONDITIONS = DEBUG;
				SWIFT_OPTIMIZATION_LEVEL = "-Onone";
			};
			name = Debug;
		};
		F616910628B3A86900F513DC /* Release */ = {
			isa = XCBuildConfiguration;
			buildSettings = {
				ALWAYS_SEARCH_USER_PATHS = NO;
				CLANG_ANALYZER_NONNULL = YES;
				CLANG_ANALYZER_NUMBER_OBJECT_CONVERSION = YES_AGGRESSIVE;
				CLANG_CXX_LANGUAGE_STANDARD = "gnu++17";
				CLANG_ENABLE_MODULES = YES;
				CLANG_ENABLE_OBJC_ARC = YES;
				CLANG_ENABLE_OBJC_WEAK = YES;
				CLANG_WARN_BLOCK_CAPTURE_AUTORELEASING = YES;
				CLANG_WARN_BOOL_CONVERSION = YES;
				CLANG_WARN_COMMA = YES;
				CLANG_WARN_CONSTANT_CONVERSION = YES;
				CLANG_WARN_DEPRECATED_OBJC_IMPLEMENTATIONS = YES;
				CLANG_WARN_DIRECT_OBJC_ISA_USAGE = YES_ERROR;
				CLANG_WARN_DOCUMENTATION_COMMENTS = YES;
				CLANG_WARN_EMPTY_BODY = YES;
				CLANG_WARN_ENUM_CONVERSION = YES;
				CLANG_WARN_INFINITE_RECURSION = YES;
				CLANG_WARN_INT_CONVERSION = YES;
				CLANG_WARN_NON_LITERAL_NULL_CONVERSION = YES;
				CLANG_WARN_OBJC_IMPLICIT_RETAIN_SELF = YES;
				CLANG_WARN_OBJC_LITERAL_CONVERSION = YES;
				CLANG_WARN_OBJC_ROOT_CLASS = YES_ERROR;
				CLANG_WARN_QUOTED_INCLUDE_IN_FRAMEWORK_HEADER = YES;
				CLANG_WARN_RANGE_LOOP_ANALYSIS = YES;
				CLANG_WARN_STRICT_PROTOTYPES = YES;
				CLANG_WARN_SUSPICIOUS_MOVE = YES;
				CLANG_WARN_UNGUARDED_AVAILABILITY = YES_AGGRESSIVE;
				CLANG_WARN_UNREACHABLE_CODE = YES;
				CLANG_WARN__DUPLICATE_METHOD_MATCH = YES;
				COPY_PHASE_STRIP = NO;
				DEBUG_INFORMATION_FORMAT = "dwarf-with-dsym";
				ENABLE_NS_ASSERTIONS = NO;
				ENABLE_STRICT_OBJC_MSGSEND = YES;
				GCC_C_LANGUAGE_STANDARD = gnu11;
				GCC_NO_COMMON_BLOCKS = YES;
				GCC_WARN_64_TO_32_BIT_CONVERSION = YES;
				GCC_WARN_ABOUT_RETURN_TYPE = YES_ERROR;
				GCC_WARN_UNDECLARED_SELECTOR = YES;
				GCC_WARN_UNINITIALIZED_AUTOS = YES_AGGRESSIVE;
				GCC_WARN_UNUSED_FUNCTION = YES;
				GCC_WARN_UNUSED_VARIABLE = YES;
				IPHONEOS_DEPLOYMENT_TARGET = 15.5;
				MTL_ENABLE_DEBUG_INFO = NO;
				MTL_FAST_MATH = YES;
				SDKROOT = iphoneos;
				SWIFT_COMPILATION_MODE = wholemodule;
				SWIFT_OPTIMIZATION_LEVEL = "-O";
				VALIDATE_PRODUCT = YES;
			};
			name = Release;
		};
		F616910828B3A86900F513DC /* Debug */ = {
			isa = XCBuildConfiguration;
			buildSettings = {
				ASSETCATALOG_COMPILER_APPICON_NAME = AppIcon;
				ASSETCATALOG_COMPILER_GLOBAL_ACCENT_COLOR_NAME = AccentColor;
				CODE_SIGN_STYLE = Automatic;
				CURRENT_PROJECT_VERSION = 1;
				DEVELOPMENT_TEAM = FJNF7APGSX;
				GENERATE_INFOPLIST_FILE = YES;
				INFOPLIST_FILE = "SeSAC Week8 DataBase Project/Info.plist";
				INFOPLIST_KEY_UIApplicationSupportsIndirectInputEvents = YES;
				INFOPLIST_KEY_UILaunchStoryboardName = LaunchScreen;
				INFOPLIST_KEY_UIMainStoryboardFile = Main;
				INFOPLIST_KEY_UISupportedInterfaceOrientations = UIInterfaceOrientationPortrait;
				INFOPLIST_KEY_UISupportedInterfaceOrientations_iPad = "UIInterfaceOrientationPortrait UIInterfaceOrientationPortraitUpsideDown UIInterfaceOrientationLandscapeLeft UIInterfaceOrientationLandscapeRight";
				INFOPLIST_KEY_UISupportedInterfaceOrientations_iPhone = "UIInterfaceOrientationPortrait UIInterfaceOrientationLandscapeLeft UIInterfaceOrientationLandscapeRight";
				IPHONEOS_DEPLOYMENT_TARGET = 15.0;
				LD_RUNPATH_SEARCH_PATHS = (
					"$(inherited)",
					"@executable_path/Frameworks",
				);
				MARKETING_VERSION = 1.0;
				PRODUCT_BUNDLE_IDENTIFIER = "com.rOarMJ.SeSAC-Week8-DataBase-Project";
				PRODUCT_NAME = "$(TARGET_NAME)";
				SWIFT_EMIT_LOC_STRINGS = YES;
				SWIFT_VERSION = 5.0;
				TARGETED_DEVICE_FAMILY = 1;
			};
			name = Debug;
		};
		F616910928B3A86900F513DC /* Release */ = {
			isa = XCBuildConfiguration;
			buildSettings = {
				ASSETCATALOG_COMPILER_APPICON_NAME = AppIcon;
				ASSETCATALOG_COMPILER_GLOBAL_ACCENT_COLOR_NAME = AccentColor;
				CODE_SIGN_STYLE = Automatic;
				CURRENT_PROJECT_VERSION = 1;
				DEVELOPMENT_TEAM = FJNF7APGSX;
				GENERATE_INFOPLIST_FILE = YES;
				INFOPLIST_FILE = "SeSAC Week8 DataBase Project/Info.plist";
				INFOPLIST_KEY_UIApplicationSupportsIndirectInputEvents = YES;
				INFOPLIST_KEY_UILaunchStoryboardName = LaunchScreen;
				INFOPLIST_KEY_UIMainStoryboardFile = Main;
				INFOPLIST_KEY_UISupportedInterfaceOrientations = UIInterfaceOrientationPortrait;
				INFOPLIST_KEY_UISupportedInterfaceOrientations_iPad = "UIInterfaceOrientationPortrait UIInterfaceOrientationPortraitUpsideDown UIInterfaceOrientationLandscapeLeft UIInterfaceOrientationLandscapeRight";
				INFOPLIST_KEY_UISupportedInterfaceOrientations_iPhone = "UIInterfaceOrientationPortrait UIInterfaceOrientationLandscapeLeft UIInterfaceOrientationLandscapeRight";
				IPHONEOS_DEPLOYMENT_TARGET = 15.0;
				LD_RUNPATH_SEARCH_PATHS = (
					"$(inherited)",
					"@executable_path/Frameworks",
				);
				MARKETING_VERSION = 1.0;
				PRODUCT_BUNDLE_IDENTIFIER = "com.rOarMJ.SeSAC-Week8-DataBase-Project";
				PRODUCT_NAME = "$(TARGET_NAME)";
				SWIFT_EMIT_LOC_STRINGS = YES;
				SWIFT_VERSION = 5.0;
				TARGETED_DEVICE_FAMILY = 1;
			};
			name = Release;
		};
/* End XCBuildConfiguration section */

/* Begin XCConfigurationList section */
		F61690EE28B3A86800F513DC /* Build configuration list for PBXProject "SeSAC Week8 DataBase Project" */ = {
			isa = XCConfigurationList;
			buildConfigurations = (
				F616910528B3A86900F513DC /* Debug */,
				F616910628B3A86900F513DC /* Release */,
			);
			defaultConfigurationIsVisible = 0;
			defaultConfigurationName = Release;
		};
		F616910728B3A86900F513DC /* Build configuration list for PBXNativeTarget "SeSAC Week8 DataBase Project" */ = {
			isa = XCConfigurationList;
			buildConfigurations = (
				F616910828B3A86900F513DC /* Debug */,
				F616910928B3A86900F513DC /* Release */,
			);
			defaultConfigurationIsVisible = 0;
			defaultConfigurationName = Release;
		};
/* End XCConfigurationList section */

/* Begin XCRemoteSwiftPackageReference section */
		F616910A28B3A8AE00F513DC /* XCRemoteSwiftPackageReference "Kingfisher" */ = {
			isa = XCRemoteSwiftPackageReference;
			repositoryURL = "https://github.com/onevcat/Kingfisher.git";
			requirement = {
				kind = upToNextMajorVersion;
				minimumVersion = 7.0.0;
			};
		};
		F616910D28B3A8CD00F513DC /* XCRemoteSwiftPackageReference "realm-swift" */ = {
			isa = XCRemoteSwiftPackageReference;
			repositoryURL = "https://github.com/realm/realm-swift.git";
			requirement = {
				kind = upToNextMajorVersion;
				minimumVersion = 10.0.0;
			};
		};
		F616912128B3B2D100F513DC /* XCRemoteSwiftPackageReference "SnapKit" */ = {
			isa = XCRemoteSwiftPackageReference;
			repositoryURL = "https://github.com/SnapKit/SnapKit.git";
			requirement = {
				kind = upToNextMajorVersion;
				minimumVersion = 5.0.0;
			};
		};
/* End XCRemoteSwiftPackageReference section */

/* Begin XCSwiftPackageProductDependency section */
		F616910B28B3A8AE00F513DC /* Kingfisher */ = {
			isa = XCSwiftPackageProductDependency;
			package = F616910A28B3A8AE00F513DC /* XCRemoteSwiftPackageReference "Kingfisher" */;
			productName = Kingfisher;
		};
		F616910E28B3A8CD00F513DC /* Realm */ = {
			isa = XCSwiftPackageProductDependency;
			package = F616910D28B3A8CD00F513DC /* XCRemoteSwiftPackageReference "realm-swift" */;
			productName = Realm;
		};
		F616911028B3A8CD00F513DC /* RealmSwift */ = {
			isa = XCSwiftPackageProductDependency;
			package = F616910D28B3A8CD00F513DC /* XCRemoteSwiftPackageReference "realm-swift" */;
			productName = RealmSwift;
		};
		F616912228B3B2D100F513DC /* SnapKit */ = {
			isa = XCSwiftPackageProductDependency;
			package = F616912128B3B2D100F513DC /* XCRemoteSwiftPackageReference "SnapKit" */;
			productName = SnapKit;
		};
/* End XCSwiftPackageProductDependency section */
	};
	rootObject = F61690EB28B3A86800F513DC /* Project object */;
}
